
Microsoft Visual Studio Solution File, Format Version 12.00
# Visual Studio Version 17
VisualStudioVersion = 17.0.32014.148
MinimumVisualStudioVersion = 10.0.40219.1
Project("{FAE04EC0-301F-11D3-BF4B-00C04F79EFBC}") = "RepoManager", "RepoManager\RepoManager.csproj", "{6F67A1DD-790E-441A-BA9C-201A34070931}"
EndProject
Global
	GlobalSection(SolutionConfigurationPlatforms) = preSolution
		Debug|Any CPU = Debug|Any CPU
		Release|Any CPU = Release|Any CPU
	EndGlobalSection
	GlobalSection(ProjectConfigurationPlatforms) = postSolution
		{6F67A1DD-790E-441A-BA9C-201A34070931}.Debug|Any CPU.ActiveCfg = Debug|Any CPU
		{6F67A1DD-790E-441A-BA9C-201A34070931}.Debug|Any CPU.Build.0 = Debug|Any CPU
		{6F67A1DD-790E-441A-BA9C-201A34070931}.Release|Any CPU.ActiveCfg = Release|Any CPU
		{6F67A1DD-790E-441A-BA9C-201A34070931}.Release|Any CPU.Build.0 = Release|Any CPU
	EndGlobalSection
	GlobalSection(SolutionProperties) = preSolution
		HideSolutionNode = FALSE
	EndGlobalSection
	GlobalSection(ExtensibilityGlobals) = postSolution
		SolutionGuid = {47FD1E90-22A5-4B92-BD21-1EF43F1776BC}
	EndGlobalSection
EndGlobal
